
Microsoft Visual Studio Solution File, Format Version 12.00
# Visual Studio 15
VisualStudioVersion = 15.0.28307.329
MinimumVisualStudioVersion = 10.0.40219.1
Project("{FAE04EC0-301F-11D3-BF4B-00C04F79EFBC}") = "Sales.Android", "Sales\Sales.Android\Sales.Android.csproj", "{9A5CB190-C2C3-441C-B6DB-DC84066BCE82}"
EndProject
Project("{FAE04EC0-301F-11D3-BF4B-00C04F79EFBC}") = "Sales.iOS", "Sales\Sales.iOS\Sales.iOS.csproj", "{5F58DD7A-7250-410C-B1B7-1E846C23E7E4}"
EndProject
Project("{FAE04EC0-301F-11D3-BF4B-00C04F79EFBC}") = "Sales.UWP", "Sales\Sales.UWP\Sales.UWP.csproj", "{7A607B5F-7890-463D-BA04-C68DE7468E98}"
EndProject
Project("{9A19103F-16F7-4668-BE54-9A1E7A4F7556}") = "Sales", "Sales\Sales\Sales.csproj", "{80D2702C-263B-4EAF-8597-85DD31EE0D5E}"
EndProject
Project("{FAE04EC0-301F-11D3-BF4B-00C04F79EFBC}") = "Sales.Backend", "Sales.Backend\Sales.Backend.csproj", "{02D856C8-0D29-4C64-BA7D-4107F1CB2F70}"
EndProject
Project("{FAE04EC0-301F-11D3-BF4B-00C04F79EFBC}") = "Sales.API", "Sales.API\Sales.API.csproj", "{E8E9B592-C164-4A37-BB74-81F8E9CCCAD4}"
EndProject
Project("{FAE04EC0-301F-11D3-BF4B-00C04F79EFBC}") = "Sales.Domain", "Sales.Domain\Sales.Domain.csproj", "{F73BA07E-5EC9-4F1D-A221-3C730F4BDF1A}"
EndProject
Project("{FAE04EC0-301F-11D3-BF4B-00C04F79EFBC}") = "Sales.Common", "Sales.Common\Sales.Common.csproj", "{5D8CDAC9-0AAC-476C-B14C-222AC169933F}"
EndProject
Global
	GlobalSection(SolutionConfigurationPlatforms) = preSolution
		Ad-Hoc|Any CPU = Ad-Hoc|Any CPU
		Ad-Hoc|ARM = Ad-Hoc|ARM
		Ad-Hoc|iPhone = Ad-Hoc|iPhone
		Ad-Hoc|iPhoneSimulator = Ad-Hoc|iPhoneSimulator
		Ad-Hoc|x64 = Ad-Hoc|x64
		Ad-Hoc|x86 = Ad-Hoc|x86
		AppStore|Any CPU = AppStore|Any CPU
		AppStore|ARM = AppStore|ARM
		AppStore|iPhone = AppStore|iPhone
		AppStore|iPhoneSimulator = AppStore|iPhoneSimulator
		AppStore|x64 = AppStore|x64
		AppStore|x86 = AppStore|x86
		Debug|Any CPU = Debug|Any CPU
		Debug|ARM = Debug|ARM
		Debug|iPhone = Debug|iPhone
		Debug|iPhoneSimulator = Debug|iPhoneSimulator
		Debug|x64 = Debug|x64
		Debug|x86 = Debug|x86
		Release|Any CPU = Release|Any CPU
		Release|ARM = Release|ARM
		Release|iPhone = Release|iPhone
		Release|iPhoneSimulator = Release|iPhoneSimulator
		Release|x64 = Release|x64
		Release|x86 = Release|x86
	EndGlobalSection
	GlobalSection(ProjectConfigurationPlatforms) = postSolution
		{9A5CB190-C2C3-441C-B6DB-DC84066BCE82}.Ad-Hoc|Any CPU.ActiveCfg = Release|Any CPU
		{9A5CB190-C2C3-441C-B6DB-DC84066BCE82}.Ad-Hoc|Any CPU.Build.0 = Release|Any CPU
		{9A5CB190-C2C3-441C-B6DB-DC84066BCE82}.Ad-Hoc|Any CPU.Deploy.0 = Release|Any CPU
		{9A5CB190-C2C3-441C-B6DB-DC84066BCE82}.Ad-Hoc|ARM.ActiveCfg = Release|Any CPU
		{9A5CB190-C2C3-441C-B6DB-DC84066BCE82}.Ad-Hoc|ARM.Build.0 = Release|Any CPU
		{9A5CB190-C2C3-441C-B6DB-DC84066BCE82}.Ad-Hoc|ARM.Deploy.0 = Release|Any CPU
		{9A5CB190-C2C3-441C-B6DB-DC84066BCE82}.Ad-Hoc|iPhone.ActiveCfg = Release|Any CPU
		{9A5CB190-C2C3-441C-B6DB-DC84066BCE82}.Ad-Hoc|iPhone.Build.0 = Release|Any CPU
		{9A5CB190-C2C3-441C-B6DB-DC84066BCE82}.Ad-Hoc|iPhone.Deploy.0 = Release|Any CPU
		{9A5CB190-C2C3-441C-B6DB-DC84066BCE82}.Ad-Hoc|iPhoneSimulator.ActiveCfg = Release|Any CPU
		{9A5CB190-C2C3-441C-B6DB-DC84066BCE82}.Ad-Hoc|iPhoneSimulator.Build.0 = Release|Any CPU
		{9A5CB190-C2C3-441C-B6DB-DC84066BCE82}.Ad-Hoc|iPhoneSimulator.Deploy.0 = Release|Any CPU
		{9A5CB190-C2C3-441C-B6DB-DC84066BCE82}.Ad-Hoc|x64.ActiveCfg = Release|Any CPU
		{9A5CB190-C2C3-441C-B6DB-DC84066BCE82}.Ad-Hoc|x64.Build.0 = Release|Any CPU
		{9A5CB190-C2C3-441C-B6DB-DC84066BCE82}.Ad-Hoc|x64.Deploy.0 = Release|Any CPU
		{9A5CB190-C2C3-441C-B6DB-DC84066BCE82}.Ad-Hoc|x86.ActiveCfg = Release|Any CPU
		{9A5CB190-C2C3-441C-B6DB-DC84066BCE82}.Ad-Hoc|x86.Build.0 = Release|Any CPU
		{9A5CB190-C2C3-441C-B6DB-DC84066BCE82}.Ad-Hoc|x86.Deploy.0 = Release|Any CPU
		{9A5CB190-C2C3-441C-B6DB-DC84066BCE82}.AppStore|Any CPU.ActiveCfg = Release|Any CPU
		{9A5CB190-C2C3-441C-B6DB-DC84066BCE82}.AppStore|Any CPU.Build.0 = Release|Any CPU
		{9A5CB190-C2C3-441C-B6DB-DC84066BCE82}.AppStore|Any CPU.Deploy.0 = Release|Any CPU
		{9A5CB190-C2C3-441C-B6DB-DC84066BCE82}.AppStore|ARM.ActiveCfg = Release|Any CPU
		{9A5CB190-C2C3-441C-B6DB-DC84066BCE82}.AppStore|ARM.Build.0 = Release|Any CPU
		{9A5CB190-C2C3-441C-B6DB-DC84066BCE82}.AppStore|ARM.Deploy.0 = Release|Any CPU
		{9A5CB190-C2C3-441C-B6DB-DC84066BCE82}.AppStore|iPhone.ActiveCfg = Release|Any CPU
		{9A5CB190-C2C3-441C-B6DB-DC84066BCE82}.AppStore|iPhone.Build.0 = Release|Any CPU
		{9A5CB190-C2C3-441C-B6DB-DC84066BCE82}.AppStore|iPhone.Deploy.0 = Release|Any CPU
		{9A5CB190-C2C3-441C-B6DB-DC84066BCE82}.AppStore|iPhoneSimulator.ActiveCfg = Release|Any CPU
		{9A5CB190-C2C3-441C-B6DB-DC84066BCE82}.AppStore|iPhoneSimulator.Build.0 = Release|Any CPU
		{9A5CB190-C2C3-441C-B6DB-DC84066BCE82}.AppStore|iPhoneSimulator.Deploy.0 = Release|Any CPU
		{9A5CB190-C2C3-441C-B6DB-DC84066BCE82}.AppStore|x64.ActiveCfg = Release|Any CPU
		{9A5CB190-C2C3-441C-B6DB-DC84066BCE82}.AppStore|x64.Build.0 = Release|Any CPU
		{9A5CB190-C2C3-441C-B6DB-DC84066BCE82}.AppStore|x64.Deploy.0 = Release|Any CPU
		{9A5CB190-C2C3-441C-B6DB-DC84066BCE82}.AppStore|x86.ActiveCfg = Release|Any CPU
		{9A5CB190-C2C3-441C-B6DB-DC84066BCE82}.AppStore|x86.Build.0 = Release|Any CPU
		{9A5CB190-C2C3-441C-B6DB-DC84066BCE82}.AppStore|x86.Deploy.0 = Release|Any CPU
		{9A5CB190-C2C3-441C-B6DB-DC84066BCE82}.Debug|Any CPU.ActiveCfg = Debug|Any CPU
		{9A5CB190-C2C3-441C-B6DB-DC84066BCE82}.Debug|Any CPU.Build.0 = Debug|Any CPU
		{9A5CB190-C2C3-441C-B6DB-DC84066BCE82}.Debug|Any CPU.Deploy.0 = Debug|Any CPU
		{9A5CB190-C2C3-441C-B6DB-DC84066BCE82}.Debug|ARM.ActiveCfg = Debug|Any CPU
		{9A5CB190-C2C3-441C-B6DB-DC84066BCE82}.Debug|ARM.Build.0 = Debug|Any CPU
		{9A5CB190-C2C3-441C-B6DB-DC84066BCE82}.Debug|ARM.Deploy.0 = Debug|Any CPU
		{9A5CB190-C2C3-441C-B6DB-DC84066BCE82}.Debug|iPhone.ActiveCfg = Debug|Any CPU
		{9A5CB190-C2C3-441C-B6DB-DC84066BCE82}.Debug|iPhone.Build.0 = Debug|Any CPU
		{9A5CB190-C2C3-441C-B6DB-DC84066BCE82}.Debug|iPhone.Deploy.0 = Debug|Any CPU
		{9A5CB190-C2C3-441C-B6DB-DC84066BCE82}.Debug|iPhoneSimulator.ActiveCfg = Debug|Any CPU
		{9A5CB190-C2C3-441C-B6DB-DC84066BCE82}.Debug|iPhoneSimulator.Build.0 = Debug|Any CPU
		{9A5CB190-C2C3-441C-B6DB-DC84066BCE82}.Debug|iPhoneSimulator.Deploy.0 = Debug|Any CPU
		{9A5CB190-C2C3-441C-B6DB-DC84066BCE82}.Debug|x64.ActiveCfg = Debug|Any CPU
		{9A5CB190-C2C3-441C-B6DB-DC84066BCE82}.Debug|x64.Build.0 = Debug|Any CPU
		{9A5CB190-C2C3-441C-B6DB-DC84066BCE82}.Debug|x64.Deploy.0 = Debug|Any CPU
		{9A5CB190-C2C3-441C-B6DB-DC84066BCE82}.Debug|x86.ActiveCfg = Debug|Any CPU
		{9A5CB190-C2C3-441C-B6DB-DC84066BCE82}.Debug|x86.Build.0 = Debug|Any CPU
		{9A5CB190-C2C3-441C-B6DB-DC84066BCE82}.Debug|x86.Deploy.0 = Debug|Any CPU
		{9A5CB190-C2C3-441C-B6DB-DC84066BCE82}.Release|Any CPU.ActiveCfg = Release|Any CPU
		{9A5CB190-C2C3-441C-B6DB-DC84066BCE82}.Release|Any CPU.Build.0 = Release|Any CPU
		{9A5CB190-C2C3-441C-B6DB-DC84066BCE82}.Release|Any CPU.Deploy.0 = Release|Any CPU
		{9A5CB190-C2C3-441C-B6DB-DC84066BCE82}.Release|ARM.ActiveCfg = Release|Any CPU
		{9A5CB190-C2C3-441C-B6DB-DC84066BCE82}.Release|ARM.Build.0 = Release|Any CPU
		{9A5CB190-C2C3-441C-B6DB-DC84066BCE82}.Release|ARM.Deploy.0 = Release|Any CPU
		{9A5CB190-C2C3-441C-B6DB-DC84066BCE82}.Release|iPhone.ActiveCfg = Release|Any CPU
		{9A5CB190-C2C3-441C-B6DB-DC84066BCE82}.Release|iPhone.Build.0 = Release|Any CPU
		{9A5CB190-C2C3-441C-B6DB-DC84066BCE82}.Release|iPhone.Deploy.0 = Release|Any CPU
		{9A5CB190-C2C3-441C-B6DB-DC84066BCE82}.Release|iPhoneSimulator.ActiveCfg = Release|Any CPU
		{9A5CB190-C2C3-441C-B6DB-DC84066BCE82}.Release|iPhoneSimulator.Build.0 = Release|Any CPU
		{9A5CB190-C2C3-441C-B6DB-DC84066BCE82}.Release|iPhoneSimulator.Deploy.0 = Release|Any CPU
		{9A5CB190-C2C3-441C-B6DB-DC84066BCE82}.Release|x64.ActiveCfg = Release|Any CPU
		{9A5CB190-C2C3-441C-B6DB-DC84066BCE82}.Release|x64.Build.0 = Release|Any CPU
		{9A5CB190-C2C3-441C-B6DB-DC84066BCE82}.Release|x64.Deploy.0 = Release|Any CPU
		{9A5CB190-C2C3-441C-B6DB-DC84066BCE82}.Release|x86.ActiveCfg = Release|Any CPU
		{9A5CB190-C2C3-441C-B6DB-DC84066BCE82}.Release|x86.Build.0 = Release|Any CPU
		{9A5CB190-C2C3-441C-B6DB-DC84066BCE82}.Release|x86.Deploy.0 = Release|Any CPU
		{5F58DD7A-7250-410C-B1B7-1E846C23E7E4}.Ad-Hoc|Any CPU.ActiveCfg = Ad-Hoc|iPhone
		{5F58DD7A-7250-410C-B1B7-1E846C23E7E4}.Ad-Hoc|Any CPU.Build.0 = Ad-Hoc|iPhone
		{5F58DD7A-7250-410C-B1B7-1E846C23E7E4}.Ad-Hoc|Any CPU.Deploy.0 = Ad-Hoc|iPhone
		{5F58DD7A-7250-410C-B1B7-1E846C23E7E4}.Ad-Hoc|ARM.ActiveCfg = Ad-Hoc|iPhone
		{5F58DD7A-7250-410C-B1B7-1E846C23E7E4}.Ad-Hoc|ARM.Build.0 = Ad-Hoc|iPhone
		{5F58DD7A-7250-410C-B1B7-1E846C23E7E4}.Ad-Hoc|ARM.Deploy.0 = Ad-Hoc|iPhone
		{5F58DD7A-7250-410C-B1B7-1E846C23E7E4}.Ad-Hoc|iPhone.ActiveCfg = Ad-Hoc|iPhone
		{5F58DD7A-7250-410C-B1B7-1E846C23E7E4}.Ad-Hoc|iPhone.Build.0 = Ad-Hoc|iPhone
		{5F58DD7A-7250-410C-B1B7-1E846C23E7E4}.Ad-Hoc|iPhone.Deploy.0 = Ad-Hoc|iPhone
		{5F58DD7A-7250-410C-B1B7-1E846C23E7E4}.Ad-Hoc|iPhoneSimulator.ActiveCfg = Ad-Hoc|iPhoneSimulator
		{5F58DD7A-7250-410C-B1B7-1E846C23E7E4}.Ad-Hoc|iPhoneSimulator.Build.0 = Ad-Hoc|iPhoneSimulator
		{5F58DD7A-7250-410C-B1B7-1E846C23E7E4}.Ad-Hoc|iPhoneSimulator.Deploy.0 = Ad-Hoc|iPhoneSimulator
		{5F58DD7A-7250-410C-B1B7-1E846C23E7E4}.Ad-Hoc|x64.ActiveCfg = Ad-Hoc|iPhone
		{5F58DD7A-7250-410C-B1B7-1E846C23E7E4}.Ad-Hoc|x64.Build.0 = Ad-Hoc|iPhone
		{5F58DD7A-7250-410C-B1B7-1E846C23E7E4}.Ad-Hoc|x64.Deploy.0 = Ad-Hoc|iPhone
		{5F58DD7A-7250-410C-B1B7-1E846C23E7E4}.Ad-Hoc|x86.ActiveCfg = Ad-Hoc|iPhone
		{5F58DD7A-7250-410C-B1B7-1E846C23E7E4}.Ad-Hoc|x86.Build.0 = Ad-Hoc|iPhone
		{5F58DD7A-7250-410C-B1B7-1E846C23E7E4}.Ad-Hoc|x86.Deploy.0 = Ad-Hoc|iPhone
		{5F58DD7A-7250-410C-B1B7-1E846C23E7E4}.AppStore|Any CPU.ActiveCfg = AppStore|iPhone
		{5F58DD7A-7250-410C-B1B7-1E846C23E7E4}.AppStore|Any CPU.Build.0 = AppStore|iPhone
		{5F58DD7A-7250-410C-B1B7-1E846C23E7E4}.AppStore|Any CPU.Deploy.0 = AppStore|iPhone
		{5F58DD7A-7250-410C-B1B7-1E846C23E7E4}.AppStore|ARM.ActiveCfg = AppStore|iPhone
		{5F58DD7A-7250-410C-B1B7-1E846C23E7E4}.AppStore|ARM.Build.0 = AppStore|iPhone
		{5F58DD7A-7250-410C-B1B7-1E846C23E7E4}.AppStore|ARM.Deploy.0 = AppStore|iPhone
		{5F58DD7A-7250-410C-B1B7-1E846C23E7E4}.AppStore|iPhone.ActiveCfg = AppStore|iPhone
		{5F58DD7A-7250-410C-B1B7-1E846C23E7E4}.AppStore|iPhone.Build.0 = AppStore|iPhone
		{5F58DD7A-7250-410C-B1B7-1E846C23E7E4}.AppStore|iPhone.Deploy.0 = AppStore|iPhone
		{5F58DD7A-7250-410C-B1B7-1E846C23E7E4}.AppStore|iPhoneSimulator.ActiveCfg = AppStore|iPhoneSimulator
		{5F58DD7A-7250-410C-B1B7-1E846C23E7E4}.AppStore|iPhoneSimulator.Build.0 = AppStore|iPhoneSimulator
		{5F58DD7A-7250-410C-B1B7-1E846C23E7E4}.AppStore|iPhoneSimulator.Deploy.0 = AppStore|iPhoneSimulator
		{5F58DD7A-7250-410C-B1B7-1E846C23E7E4}.AppStore|x64.ActiveCfg = AppStore|iPhone
		{5F58DD7A-7250-410C-B1B7-1E846C23E7E4}.AppStore|x64.Build.0 = AppStore|iPhone
		{5F58DD7A-7250-410C-B1B7-1E846C23E7E4}.AppStore|x64.Deploy.0 = AppStore|iPhone
		{5F58DD7A-7250-410C-B1B7-1E846C23E7E4}.AppStore|x86.ActiveCfg = AppStore|iPhone
		{5F58DD7A-7250-410C-B1B7-1E846C23E7E4}.AppStore|x86.Build.0 = AppStore|iPhone
		{5F58DD7A-7250-410C-B1B7-1E846C23E7E4}.AppStore|x86.Deploy.0 = AppStore|iPhone
		{5F58DD7A-7250-410C-B1B7-1E846C23E7E4}.Debug|Any CPU.ActiveCfg = Debug|iPhoneSimulator
		{5F58DD7A-7250-410C-B1B7-1E846C23E7E4}.Debug|Any CPU.Build.0 = Debug|iPhoneSimulator
		{5F58DD7A-7250-410C-B1B7-1E846C23E7E4}.Debug|Any CPU.Deploy.0 = Debug|iPhoneSimulator
		{5F58DD7A-7250-410C-B1B7-1E846C23E7E4}.Debug|ARM.ActiveCfg = Debug|iPhone
		{5F58DD7A-7250-410C-B1B7-1E846C23E7E4}.Debug|ARM.Build.0 = Debug|iPhone
		{5F58DD7A-7250-410C-B1B7-1E846C23E7E4}.Debug|ARM.Deploy.0 = Debug|iPhone
		{5F58DD7A-7250-410C-B1B7-1E846C23E7E4}.Debug|iPhone.ActiveCfg = Debug|iPhone
		{5F58DD7A-7250-410C-B1B7-1E846C23E7E4}.Debug|iPhone.Build.0 = Debug|iPhone
		{5F58DD7A-7250-410C-B1B7-1E846C23E7E4}.Debug|iPhone.Deploy.0 = Debug|iPhone
		{5F58DD7A-7250-410C-B1B7-1E846C23E7E4}.Debug|iPhoneSimulator.ActiveCfg = Debug|iPhoneSimulator
		{5F58DD7A-7250-410C-B1B7-1E846C23E7E4}.Debug|iPhoneSimulator.Build.0 = Debug|iPhoneSimulator
		{5F58DD7A-7250-410C-B1B7-1E846C23E7E4}.Debug|iPhoneSimulator.Deploy.0 = Debug|iPhoneSimulator
		{5F58DD7A-7250-410C-B1B7-1E846C23E7E4}.Debug|x64.ActiveCfg = Debug|iPhone
		{5F58DD7A-7250-410C-B1B7-1E846C23E7E4}.Debug|x64.Build.0 = Debug|iPhone
		{5F58DD7A-7250-410C-B1B7-1E846C23E7E4}.Debug|x64.Deploy.0 = Debug|iPhone
		{5F58DD7A-7250-410C-B1B7-1E846C23E7E4}.Debug|x86.ActiveCfg = Debug|iPhone
		{5F58DD7A-7250-410C-B1B7-1E846C23E7E4}.Debug|x86.Build.0 = Debug|iPhone
		{5F58DD7A-7250-410C-B1B7-1E846C23E7E4}.Debug|x86.Deploy.0 = Debug|iPhone
		{5F58DD7A-7250-410C-B1B7-1E846C23E7E4}.Release|Any CPU.ActiveCfg = Release|iPhone
		{5F58DD7A-7250-410C-B1B7-1E846C23E7E4}.Release|Any CPU.Build.0 = Release|iPhone
		{5F58DD7A-7250-410C-B1B7-1E846C23E7E4}.Release|Any CPU.Deploy.0 = Release|iPhone
		{5F58DD7A-7250-410C-B1B7-1E846C23E7E4}.Release|ARM.ActiveCfg = Release|iPhone
		{5F58DD7A-7250-410C-B1B7-1E846C23E7E4}.Release|ARM.Build.0 = Release|iPhone
		{5F58DD7A-7250-410C-B1B7-1E846C23E7E4}.Release|ARM.Deploy.0 = Release|iPhone
		{5F58DD7A-7250-410C-B1B7-1E846C23E7E4}.Release|iPhone.ActiveCfg = Release|iPhone
		{5F58DD7A-7250-410C-B1B7-1E846C23E7E4}.Release|iPhone.Build.0 = Release|iPhone
		{5F58DD7A-7250-410C-B1B7-1E846C23E7E4}.Release|iPhone.Deploy.0 = Release|iPhone
		{5F58DD7A-7250-410C-B1B7-1E846C23E7E4}.Release|iPhoneSimulator.ActiveCfg = Release|iPhoneSimulator
		{5F58DD7A-7250-410C-B1B7-1E846C23E7E4}.Release|iPhoneSimulator.Build.0 = Release|iPhoneSimulator
		{5F58DD7A-7250-410C-B1B7-1E846C23E7E4}.Release|iPhoneSimulator.Deploy.0 = Release|iPhoneSimulator
		{5F58DD7A-7250-410C-B1B7-1E846C23E7E4}.Release|x64.ActiveCfg = Release|iPhone
		{5F58DD7A-7250-410C-B1B7-1E846C23E7E4}.Release|x64.Build.0 = Release|iPhone
		{5F58DD7A-7250-410C-B1B7-1E846C23E7E4}.Release|x64.Deploy.0 = Release|iPhone
		{5F58DD7A-7250-410C-B1B7-1E846C23E7E4}.Release|x86.ActiveCfg = Release|iPhone
		{5F58DD7A-7250-410C-B1B7-1E846C23E7E4}.Release|x86.Build.0 = Release|iPhone
		{5F58DD7A-7250-410C-B1B7-1E846C23E7E4}.Release|x86.Deploy.0 = Release|iPhone
		{7A607B5F-7890-463D-BA04-C68DE7468E98}.Ad-Hoc|Any CPU.ActiveCfg = Release|x86
		{7A607B5F-7890-463D-BA04-C68DE7468E98}.Ad-Hoc|Any CPU.Build.0 = Release|x86
		{7A607B5F-7890-463D-BA04-C68DE7468E98}.Ad-Hoc|Any CPU.Deploy.0 = Release|x86
		{7A607B5F-7890-463D-BA04-C68DE7468E98}.Ad-Hoc|ARM.ActiveCfg = Release|ARM
		{7A607B5F-7890-463D-BA04-C68DE7468E98}.Ad-Hoc|ARM.Build.0 = Release|ARM
		{7A607B5F-7890-463D-BA04-C68DE7468E98}.Ad-Hoc|ARM.Deploy.0 = Release|ARM
		{7A607B5F-7890-463D-BA04-C68DE7468E98}.Ad-Hoc|iPhone.ActiveCfg = Release|x86
		{7A607B5F-7890-463D-BA04-C68DE7468E98}.Ad-Hoc|iPhone.Build.0 = Release|x86
		{7A607B5F-7890-463D-BA04-C68DE7468E98}.Ad-Hoc|iPhone.Deploy.0 = Release|x86
		{7A607B5F-7890-463D-BA04-C68DE7468E98}.Ad-Hoc|iPhoneSimulator.ActiveCfg = Release|x86
		{7A607B5F-7890-463D-BA04-C68DE7468E98}.Ad-Hoc|iPhoneSimulator.Build.0 = Release|x86
		{7A607B5F-7890-463D-BA04-C68DE7468E98}.Ad-Hoc|iPhoneSimulator.Deploy.0 = Release|x86
		{7A607B5F-7890-463D-BA04-C68DE7468E98}.Ad-Hoc|x64.ActiveCfg = Release|x64
		{7A607B5F-7890-463D-BA04-C68DE7468E98}.Ad-Hoc|x64.Build.0 = Release|x64
		{7A607B5F-7890-463D-BA04-C68DE7468E98}.Ad-Hoc|x64.Deploy.0 = Release|x64
		{7A607B5F-7890-463D-BA04-C68DE7468E98}.Ad-Hoc|x86.ActiveCfg = Release|x86
		{7A607B5F-7890-463D-BA04-C68DE7468E98}.Ad-Hoc|x86.Build.0 = Release|x86
		{7A607B5F-7890-463D-BA04-C68DE7468E98}.Ad-Hoc|x86.Deploy.0 = Release|x86
		{7A607B5F-7890-463D-BA04-C68DE7468E98}.AppStore|Any CPU.ActiveCfg = Release|x86
		{7A607B5F-7890-463D-BA04-C68DE7468E98}.AppStore|Any CPU.Build.0 = Release|x86
		{7A607B5F-7890-463D-BA04-C68DE7468E98}.AppStore|Any CPU.Deploy.0 = Release|x86
		{7A607B5F-7890-463D-BA04-C68DE7468E98}.AppStore|ARM.ActiveCfg = Release|ARM
		{7A607B5F-7890-463D-BA04-C68DE7468E98}.AppStore|ARM.Build.0 = Release|ARM
		{7A607B5F-7890-463D-BA04-C68DE7468E98}.AppStore|ARM.Deploy.0 = Release|ARM
		{7A607B5F-7890-463D-BA04-C68DE7468E98}.AppStore|iPhone.ActiveCfg = Release|x86
		{7A607B5F-7890-463D-BA04-C68DE7468E98}.AppStore|iPhone.Build.0 = Release|x86
		{7A607B5F-7890-463D-BA04-C68DE7468E98}.AppStore|iPhone.Deploy.0 = Release|x86
		{7A607B5F-7890-463D-BA04-C68DE7468E98}.AppStore|iPhoneSimulator.ActiveCfg = Release|x86
		{7A607B5F-7890-463D-BA04-C68DE7468E98}.AppStore|iPhoneSimulator.Build.0 = Release|x86
		{7A607B5F-7890-463D-BA04-C68DE7468E98}.AppStore|iPhoneSimulator.Deploy.0 = Release|x86
		{7A607B5F-7890-463D-BA04-C68DE7468E98}.AppStore|x64.ActiveCfg = Release|x64
		{7A607B5F-7890-463D-BA04-C68DE7468E98}.AppStore|x64.Build.0 = Release|x64
		{7A607B5F-7890-463D-BA04-C68DE7468E98}.AppStore|x64.Deploy.0 = Release|x64
		{7A607B5F-7890-463D-BA04-C68DE7468E98}.AppStore|x86.ActiveCfg = Release|x86
		{7A607B5F-7890-463D-BA04-C68DE7468E98}.AppStore|x86.Build.0 = Release|x86
		{7A607B5F-7890-463D-BA04-C68DE7468E98}.AppStore|x86.Deploy.0 = Release|x86
		{7A607B5F-7890-463D-BA04-C68DE7468E98}.Debug|Any CPU.ActiveCfg = Debug|x86
		{7A607B5F-7890-463D-BA04-C68DE7468E98}.Debug|Any CPU.Build.0 = Debug|x86
		{7A607B5F-7890-463D-BA04-C68DE7468E98}.Debug|Any CPU.Deploy.0 = Debug|x86
		{7A607B5F-7890-463D-BA04-C68DE7468E98}.Debug|ARM.ActiveCfg = Debug|ARM
		{7A607B5F-7890-463D-BA04-C68DE7468E98}.Debug|ARM.Build.0 = Debug|ARM
		{7A607B5F-7890-463D-BA04-C68DE7468E98}.Debug|ARM.Deploy.0 = Debug|ARM
		{7A607B5F-7890-463D-BA04-C68DE7468E98}.Debug|iPhone.ActiveCfg = Debug|x86
		{7A607B5F-7890-463D-BA04-C68DE7468E98}.Debug|iPhone.Build.0 = Debug|x86
		{7A607B5F-7890-463D-BA04-C68DE7468E98}.Debug|iPhone.Deploy.0 = Debug|x86
		{7A607B5F-7890-463D-BA04-C68DE7468E98}.Debug|iPhoneSimulator.ActiveCfg = Debug|x86
		{7A607B5F-7890-463D-BA04-C68DE7468E98}.Debug|iPhoneSimulator.Build.0 = Debug|x86
		{7A607B5F-7890-463D-BA04-C68DE7468E98}.Debug|iPhoneSimulator.Deploy.0 = Debug|x86
		{7A607B5F-7890-463D-BA04-C68DE7468E98}.Debug|x64.ActiveCfg = Debug|x64
		{7A607B5F-7890-463D-BA04-C68DE7468E98}.Debug|x64.Build.0 = Debug|x64
		{7A607B5F-7890-463D-BA04-C68DE7468E98}.Debug|x64.Deploy.0 = Debug|x64
		{7A607B5F-7890-463D-BA04-C68DE7468E98}.Debug|x86.ActiveCfg = Debug|x86
		{7A607B5F-7890-463D-BA04-C68DE7468E98}.Debug|x86.Build.0 = Debug|x86
		{7A607B5F-7890-463D-BA04-C68DE7468E98}.Debug|x86.Deploy.0 = Debug|x86
		{7A607B5F-7890-463D-BA04-C68DE7468E98}.Release|Any CPU.ActiveCfg = Release|x86
		{7A607B5F-7890-463D-BA04-C68DE7468E98}.Release|Any CPU.Build.0 = Release|x86
		{7A607B5F-7890-463D-BA04-C68DE7468E98}.Release|Any CPU.Deploy.0 = Release|x86
		{7A607B5F-7890-463D-BA04-C68DE7468E98}.Release|ARM.ActiveCfg = Release|ARM
		{7A607B5F-7890-463D-BA04-C68DE7468E98}.Release|ARM.Build.0 = Release|ARM
		{7A607B5F-7890-463D-BA04-C68DE7468E98}.Release|ARM.Deploy.0 = Release|ARM
		{7A607B5F-7890-463D-BA04-C68DE7468E98}.Release|iPhone.ActiveCfg = Release|x86
		{7A607B5F-7890-463D-BA04-C68DE7468E98}.Release|iPhone.Build.0 = Release|x86
		{7A607B5F-7890-463D-BA04-C68DE7468E98}.Release|iPhone.Deploy.0 = Release|x86
		{7A607B5F-7890-463D-BA04-C68DE7468E98}.Release|iPhoneSimulator.ActiveCfg = Release|x86
		{7A607B5F-7890-463D-BA04-C68DE7468E98}.Release|iPhoneSimulator.Build.0 = Release|x86
		{7A607B5F-7890-463D-BA04-C68DE7468E98}.Release|iPhoneSimulator.Deploy.0 = Release|x86
		{7A607B5F-7890-463D-BA04-C68DE7468E98}.Release|x64.ActiveCfg = Release|x64
		{7A607B5F-7890-463D-BA04-C68DE7468E98}.Release|x64.Build.0 = Release|x64
		{7A607B5F-7890-463D-BA04-C68DE7468E98}.Release|x64.Deploy.0 = Release|x64
		{7A607B5F-7890-463D-BA04-C68DE7468E98}.Release|x86.ActiveCfg = Release|x86
		{7A607B5F-7890-463D-BA04-C68DE7468E98}.Release|x86.Build.0 = Release|x86
		{7A607B5F-7890-463D-BA04-C68DE7468E98}.Release|x86.Deploy.0 = Release|x86
		{80D2702C-263B-4EAF-8597-85DD31EE0D5E}.Ad-Hoc|Any CPU.ActiveCfg = Debug|Any CPU
		{80D2702C-263B-4EAF-8597-85DD31EE0D5E}.Ad-Hoc|Any CPU.Build.0 = Debug|Any CPU
		{80D2702C-263B-4EAF-8597-85DD31EE0D5E}.Ad-Hoc|Any CPU.Deploy.0 = Debug|Any CPU
		{80D2702C-263B-4EAF-8597-85DD31EE0D5E}.Ad-Hoc|ARM.ActiveCfg = Debug|Any CPU
		{80D2702C-263B-4EAF-8597-85DD31EE0D5E}.Ad-Hoc|ARM.Build.0 = Debug|Any CPU
		{80D2702C-263B-4EAF-8597-85DD31EE0D5E}.Ad-Hoc|ARM.Deploy.0 = Debug|Any CPU
		{80D2702C-263B-4EAF-8597-85DD31EE0D5E}.Ad-Hoc|iPhone.ActiveCfg = Debug|Any CPU
		{80D2702C-263B-4EAF-8597-85DD31EE0D5E}.Ad-Hoc|iPhone.Build.0 = Debug|Any CPU
		{80D2702C-263B-4EAF-8597-85DD31EE0D5E}.Ad-Hoc|iPhone.Deploy.0 = Debug|Any CPU
		{80D2702C-263B-4EAF-8597-85DD31EE0D5E}.Ad-Hoc|iPhoneSimulator.ActiveCfg = Debug|Any CPU
		{80D2702C-263B-4EAF-8597-85DD31EE0D5E}.Ad-Hoc|iPhoneSimulator.Build.0 = Debug|Any CPU
		{80D2702C-263B-4EAF-8597-85DD31EE0D5E}.Ad-Hoc|iPhoneSimulator.Deploy.0 = Debug|Any CPU
		{80D2702C-263B-4EAF-8597-85DD31EE0D5E}.Ad-Hoc|x64.ActiveCfg = Debug|Any CPU
		{80D2702C-263B-4EAF-8597-85DD31EE0D5E}.Ad-Hoc|x64.Build.0 = Debug|Any CPU
		{80D2702C-263B-4EAF-8597-85DD31EE0D5E}.Ad-Hoc|x64.Deploy.0 = Debug|Any CPU
		{80D2702C-263B-4EAF-8597-85DD31EE0D5E}.Ad-Hoc|x86.ActiveCfg = Debug|Any CPU
		{80D2702C-263B-4EAF-8597-85DD31EE0D5E}.Ad-Hoc|x86.Build.0 = Debug|Any CPU
		{80D2702C-263B-4EAF-8597-85DD31EE0D5E}.Ad-Hoc|x86.Deploy.0 = Debug|Any CPU
		{80D2702C-263B-4EAF-8597-85DD31EE0D5E}.AppStore|Any CPU.ActiveCfg = Debug|Any CPU
		{80D2702C-263B-4EAF-8597-85DD31EE0D5E}.AppStore|Any CPU.Build.0 = Debug|Any CPU
		{80D2702C-263B-4EAF-8597-85DD31EE0D5E}.AppStore|Any CPU.Deploy.0 = Debug|Any CPU
		{80D2702C-263B-4EAF-8597-85DD31EE0D5E}.AppStore|ARM.ActiveCfg = Debug|Any CPU
		{80D2702C-263B-4EAF-8597-85DD31EE0D5E}.AppStore|ARM.Build.0 = Debug|Any CPU
		{80D2702C-263B-4EAF-8597-85DD31EE0D5E}.AppStore|ARM.Deploy.0 = Debug|Any CPU
		{80D2702C-263B-4EAF-8597-85DD31EE0D5E}.AppStore|iPhone.ActiveCfg = Debug|Any CPU
		{80D2702C-263B-4EAF-8597-85DD31EE0D5E}.AppStore|iPhone.Build.0 = Debug|Any CPU
		{80D2702C-263B-4EAF-8597-85DD31EE0D5E}.AppStore|iPhone.Deploy.0 = Debug|Any CPU
		{80D2702C-263B-4EAF-8597-85DD31EE0D5E}.AppStore|iPhoneSimulator.ActiveCfg = Debug|Any CPU
		{80D2702C-263B-4EAF-8597-85DD31EE0D5E}.AppStore|iPhoneSimulator.Build.0 = Debug|Any CPU
		{80D2702C-263B-4EAF-8597-85DD31EE0D5E}.AppStore|iPhoneSimulator.Deploy.0 = Debug|Any CPU
		{80D2702C-263B-4EAF-8597-85DD31EE0D5E}.AppStore|x64.ActiveCfg = Debug|Any CPU
		{80D2702C-263B-4EAF-8597-85DD31EE0D5E}.AppStore|x64.Build.0 = Debug|Any CPU
		{80D2702C-263B-4EAF-8597-85DD31EE0D5E}.AppStore|x64.Deploy.0 = Debug|Any CPU
		{80D2702C-263B-4EAF-8597-85DD31EE0D5E}.AppStore|x86.ActiveCfg = Debug|Any CPU
		{80D2702C-263B-4EAF-8597-85DD31EE0D5E}.AppStore|x86.Build.0 = Debug|Any CPU
		{80D2702C-263B-4EAF-8597-85DD31EE0D5E}.AppStore|x86.Deploy.0 = Debug|Any CPU
		{80D2702C-263B-4EAF-8597-85DD31EE0D5E}.Debug|Any CPU.ActiveCfg = Debug|Any CPU
		{80D2702C-263B-4EAF-8597-85DD31EE0D5E}.Debug|Any CPU.Build.0 = Debug|Any CPU
		{80D2702C-263B-4EAF-8597-85DD31EE0D5E}.Debug|Any CPU.Deploy.0 = Debug|Any CPU
		{80D2702C-263B-4EAF-8597-85DD31EE0D5E}.Debug|ARM.ActiveCfg = Debug|Any CPU
		{80D2702C-263B-4EAF-8597-85DD31EE0D5E}.Debug|ARM.Build.0 = Debug|Any CPU
		{80D2702C-263B-4EAF-8597-85DD31EE0D5E}.Debug|ARM.Deploy.0 = Debug|Any CPU
		{80D2702C-263B-4EAF-8597-85DD31EE0D5E}.Debug|iPhone.ActiveCfg = Debug|Any CPU
		{80D2702C-263B-4EAF-8597-85DD31EE0D5E}.Debug|iPhone.Build.0 = Debug|Any CPU
		{80D2702C-263B-4EAF-8597-85DD31EE0D5E}.Debug|iPhone.Deploy.0 = Debug|Any CPU
		{80D2702C-263B-4EAF-8597-85DD31EE0D5E}.Debug|iPhoneSimulator.ActiveCfg = Debug|Any CPU
		{80D2702C-263B-4EAF-8597-85DD31EE0D5E}.Debug|iPhoneSimulator.Build.0 = Debug|Any CPU
		{80D2702C-263B-4EAF-8597-85DD31EE0D5E}.Debug|iPhoneSimulator.Deploy.0 = Debug|Any CPU
		{80D2702C-263B-4EAF-8597-85DD31EE0D5E}.Debug|x64.ActiveCfg = Debug|Any CPU
		{80D2702C-263B-4EAF-8597-85DD31EE0D5E}.Debug|x64.Build.0 = Debug|Any CPU
		{80D2702C-263B-4EAF-8597-85DD31EE0D5E}.Debug|x64.Deploy.0 = Debug|Any CPU
		{80D2702C-263B-4EAF-8597-85DD31EE0D5E}.Debug|x86.ActiveCfg = Debug|Any CPU
		{80D2702C-263B-4EAF-8597-85DD31EE0D5E}.Debug|x86.Build.0 = Debug|Any CPU
		{80D2702C-263B-4EAF-8597-85DD31EE0D5E}.Debug|x86.Deploy.0 = Debug|Any CPU
		{80D2702C-263B-4EAF-8597-85DD31EE0D5E}.Release|Any CPU.ActiveCfg = Release|Any CPU
		{80D2702C-263B-4EAF-8597-85DD31EE0D5E}.Release|Any CPU.Build.0 = Release|Any CPU
		{80D2702C-263B-4EAF-8597-85DD31EE0D5E}.Release|Any CPU.Deploy.0 = Release|Any CPU
		{80D2702C-263B-4EAF-8597-85DD31EE0D5E}.Release|ARM.ActiveCfg = Release|Any CPU
		{80D2702C-263B-4EAF-8597-85DD31EE0D5E}.Release|ARM.Build.0 = Release|Any CPU
		{80D2702C-263B-4EAF-8597-85DD31EE0D5E}.Release|ARM.Deploy.0 = Release|Any CPU
		{80D2702C-263B-4EAF-8597-85DD31EE0D5E}.Release|iPhone.ActiveCfg = Release|Any CPU
		{80D2702C-263B-4EAF-8597-85DD31EE0D5E}.Release|iPhone.Build.0 = Release|Any CPU
		{80D2702C-263B-4EAF-8597-85DD31EE0D5E}.Release|iPhone.Deploy.0 = Release|Any CPU
		{80D2702C-263B-4EAF-8597-85DD31EE0D5E}.Release|iPhoneSimulator.ActiveCfg = Release|Any CPU
		{80D2702C-263B-4EAF-8597-85DD31EE0D5E}.Release|iPhoneSimulator.Build.0 = Release|Any CPU
		{80D2702C-263B-4EAF-8597-85DD31EE0D5E}.Release|iPhoneSimulator.Deploy.0 = Release|Any CPU
		{80D2702C-263B-4EAF-8597-85DD31EE0D5E}.Release|x64.ActiveCfg = Release|Any CPU
		{80D2702C-263B-4EAF-8597-85DD31EE0D5E}.Release|x64.Build.0 = Release|Any CPU
		{80D2702C-263B-4EAF-8597-85DD31EE0D5E}.Release|x64.Deploy.0 = Release|Any CPU
		{80D2702C-263B-4EAF-8597-85DD31EE0D5E}.Release|x86.ActiveCfg = Release|Any CPU
		{80D2702C-263B-4EAF-8597-85DD31EE0D5E}.Release|x86.Build.0 = Release|Any CPU
		{80D2702C-263B-4EAF-8597-85DD31EE0D5E}.Release|x86.Deploy.0 = Release|Any CPU
		{02D856C8-0D29-4C64-BA7D-4107F1CB2F70}.Ad-Hoc|Any CPU.ActiveCfg = Release|Any CPU
		{02D856C8-0D29-4C64-BA7D-4107F1CB2F70}.Ad-Hoc|Any CPU.Build.0 = Release|Any CPU
		{02D856C8-0D29-4C64-BA7D-4107F1CB2F70}.Ad-Hoc|ARM.ActiveCfg = Release|Any CPU
		{02D856C8-0D29-4C64-BA7D-4107F1CB2F70}.Ad-Hoc|ARM.Build.0 = Release|Any CPU
		{02D856C8-0D29-4C64-BA7D-4107F1CB2F70}.Ad-Hoc|iPhone.ActiveCfg = Release|Any CPU
		{02D856C8-0D29-4C64-BA7D-4107F1CB2F70}.Ad-Hoc|iPhone.Build.0 = Release|Any CPU
		{02D856C8-0D29-4C64-BA7D-4107F1CB2F70}.Ad-Hoc|iPhoneSimulator.ActiveCfg = Release|Any CPU
		{02D856C8-0D29-4C64-BA7D-4107F1CB2F70}.Ad-Hoc|iPhoneSimulator.Build.0 = Release|Any CPU
		{02D856C8-0D29-4C64-BA7D-4107F1CB2F70}.Ad-Hoc|x64.ActiveCfg = Release|Any CPU
		{02D856C8-0D29-4C64-BA7D-4107F1CB2F70}.Ad-Hoc|x64.Build.0 = Release|Any CPU
		{02D856C8-0D29-4C64-BA7D-4107F1CB2F70}.Ad-Hoc|x86.ActiveCfg = Release|Any CPU
		{02D856C8-0D29-4C64-BA7D-4107F1CB2F70}.Ad-Hoc|x86.Build.0 = Release|Any CPU
		{02D856C8-0D29-4C64-BA7D-4107F1CB2F70}.AppStore|Any CPU.ActiveCfg = Release|Any CPU
		{02D856C8-0D29-4C64-BA7D-4107F1CB2F70}.AppStore|Any CPU.Build.0 = Release|Any CPU
		{02D856C8-0D29-4C64-BA7D-4107F1CB2F70}.AppStore|ARM.ActiveCfg = Release|Any CPU
		{02D856C8-0D29-4C64-BA7D-4107F1CB2F70}.AppStore|ARM.Build.0 = Release|Any CPU
		{02D856C8-0D29-4C64-BA7D-4107F1CB2F70}.AppStore|iPhone.ActiveCfg = Release|Any CPU
		{02D856C8-0D29-4C64-BA7D-4107F1CB2F70}.AppStore|iPhone.Build.0 = Release|Any CPU
		{02D856C8-0D29-4C64-BA7D-4107F1CB2F70}.AppStore|iPhoneSimulator.ActiveCfg = Release|Any CPU
		{02D856C8-0D29-4C64-BA7D-4107F1CB2F70}.AppStore|iPhoneSimulator.Build.0 = Release|Any CPU
		{02D856C8-0D29-4C64-BA7D-4107F1CB2F70}.AppStore|x64.ActiveCfg = Release|Any CPU
		{02D856C8-0D29-4C64-BA7D-4107F1CB2F70}.AppStore|x64.Build.0 = Release|Any CPU
		{02D856C8-0D29-4C64-BA7D-4107F1CB2F70}.AppStore|x86.ActiveCfg = Release|Any CPU
		{02D856C8-0D29-4C64-BA7D-4107F1CB2F70}.AppStore|x86.Build.0 = Release|Any CPU
		{02D856C8-0D29-4C64-BA7D-4107F1CB2F70}.Debug|Any CPU.ActiveCfg = Debug|Any CPU
		{02D856C8-0D29-4C64-BA7D-4107F1CB2F70}.Debug|Any CPU.Build.0 = Debug|Any CPU
		{02D856C8-0D29-4C64-BA7D-4107F1CB2F70}.Debug|ARM.ActiveCfg = Debug|Any CPU
		{02D856C8-0D29-4C64-BA7D-4107F1CB2F70}.Debug|ARM.Build.0 = Debug|Any CPU
		{02D856C8-0D29-4C64-BA7D-4107F1CB2F70}.Debug|iPhone.ActiveCfg = Debug|Any CPU
		{02D856C8-0D29-4C64-BA7D-4107F1CB2F70}.Debug|iPhone.Build.0 = Debug|Any CPU
		{02D856C8-0D29-4C64-BA7D-4107F1CB2F70}.Debug|iPhoneSimulator.ActiveCfg = Debug|Any CPU
		{02D856C8-0D29-4C64-BA7D-4107F1CB2F70}.Debug|iPhoneSimulator.Build.0 = Debug|Any CPU
		{02D856C8-0D29-4C64-BA7D-4107F1CB2F70}.Debug|x64.ActiveCfg = Debug|Any CPU
		{02D856C8-0D29-4C64-BA7D-4107F1CB2F70}.Debug|x64.Build.0 = Debug|Any CPU
		{02D856C8-0D29-4C64-BA7D-4107F1CB2F70}.Debug|x86.ActiveCfg = Debug|Any CPU
		{02D856C8-0D29-4C64-BA7D-4107F1CB2F70}.Debug|x86.Build.0 = Debug|Any CPU
		{02D856C8-0D29-4C64-BA7D-4107F1CB2F70}.Release|Any CPU.ActiveCfg = Release|Any CPU
		{02D856C8-0D29-4C64-BA7D-4107F1CB2F70}.Release|Any CPU.Build.0 = Release|Any CPU
		{02D856C8-0D29-4C64-BA7D-4107F1CB2F70}.Release|ARM.ActiveCfg = Release|Any CPU
		{02D856C8-0D29-4C64-BA7D-4107F1CB2F70}.Release|ARM.Build.0 = Release|Any CPU
		{02D856C8-0D29-4C64-BA7D-4107F1CB2F70}.Release|iPhone.ActiveCfg = Release|Any CPU
		{02D856C8-0D29-4C64-BA7D-4107F1CB2F70}.Release|iPhone.Build.0 = Release|Any CPU
		{02D856C8-0D29-4C64-BA7D-4107F1CB2F70}.Release|iPhoneSimulator.ActiveCfg = Release|Any CPU
		{02D856C8-0D29-4C64-BA7D-4107F1CB2F70}.Release|iPhoneSimulator.Build.0 = Release|Any CPU
		{02D856C8-0D29-4C64-BA7D-4107F1CB2F70}.Release|x64.ActiveCfg = Release|Any CPU
		{02D856C8-0D29-4C64-BA7D-4107F1CB2F70}.Release|x64.Build.0 = Release|Any CPU
		{02D856C8-0D29-4C64-BA7D-4107F1CB2F70}.Release|x86.ActiveCfg = Release|Any CPU
		{02D856C8-0D29-4C64-BA7D-4107F1CB2F70}.Release|x86.Build.0 = Release|Any CPU
		{E8E9B592-C164-4A37-BB74-81F8E9CCCAD4}.Ad-Hoc|Any CPU.ActiveCfg = Release|Any CPU
		{E8E9B592-C164-4A37-BB74-81F8E9CCCAD4}.Ad-Hoc|Any CPU.Build.0 = Release|Any CPU
		{E8E9B592-C164-4A37-BB74-81F8E9CCCAD4}.Ad-Hoc|ARM.ActiveCfg = Release|Any CPU
		{E8E9B592-C164-4A37-BB74-81F8E9CCCAD4}.Ad-Hoc|ARM.Build.0 = Release|Any CPU
		{E8E9B592-C164-4A37-BB74-81F8E9CCCAD4}.Ad-Hoc|iPhone.ActiveCfg = Release|Any CPU
		{E8E9B592-C164-4A37-BB74-81F8E9CCCAD4}.Ad-Hoc|iPhone.Build.0 = Release|Any CPU
		{E8E9B592-C164-4A37-BB74-81F8E9CCCAD4}.Ad-Hoc|iPhoneSimulator.ActiveCfg = Release|Any CPU
		{E8E9B592-C164-4A37-BB74-81F8E9CCCAD4}.Ad-Hoc|iPhoneSimulator.Build.0 = Release|Any CPU
		{E8E9B592-C164-4A37-BB74-81F8E9CCCAD4}.Ad-Hoc|x64.ActiveCfg = Release|Any CPU
		{E8E9B592-C164-4A37-BB74-81F8E9CCCAD4}.Ad-Hoc|x64.Build.0 = Release|Any CPU
		{E8E9B592-C164-4A37-BB74-81F8E9CCCAD4}.Ad-Hoc|x86.ActiveCfg = Release|Any CPU
		{E8E9B592-C164-4A37-BB74-81F8E9CCCAD4}.Ad-Hoc|x86.Build.0 = Release|Any CPU
		{E8E9B592-C164-4A37-BB74-81F8E9CCCAD4}.AppStore|Any CPU.ActiveCfg = Release|Any CPU
		{E8E9B592-C164-4A37-BB74-81F8E9CCCAD4}.AppStore|Any CPU.Build.0 = Release|Any CPU
		{E8E9B592-C164-4A37-BB74-81F8E9CCCAD4}.AppStore|ARM.ActiveCfg = Release|Any CPU
		{E8E9B592-C164-4A37-BB74-81F8E9CCCAD4}.AppStore|ARM.Build.0 = Release|Any CPU
		{E8E9B592-C164-4A37-BB74-81F8E9CCCAD4}.AppStore|iPhone.ActiveCfg = Release|Any CPU
		{E8E9B592-C164-4A37-BB74-81F8E9CCCAD4}.AppStore|iPhone.Build.0 = Release|Any CPU
		{E8E9B592-C164-4A37-BB74-81F8E9CCCAD4}.AppStore|iPhoneSimulator.ActiveCfg = Release|Any CPU
		{E8E9B592-C164-4A37-BB74-81F8E9CCCAD4}.AppStore|iPhoneSimulator.Build.0 = Release|Any CPU
		{E8E9B592-C164-4A37-BB74-81F8E9CCCAD4}.AppStore|x64.ActiveCfg = Release|Any CPU
		{E8E9B592-C164-4A37-BB74-81F8E9CCCAD4}.AppStore|x64.Build.0 = Release|Any CPU
		{E8E9B592-C164-4A37-BB74-81F8E9CCCAD4}.AppStore|x86.ActiveCfg = Release|Any CPU
		{E8E9B592-C164-4A37-BB74-81F8E9CCCAD4}.AppStore|x86.Build.0 = Release|Any CPU
		{E8E9B592-C164-4A37-BB74-81F8E9CCCAD4}.Debug|Any CPU.ActiveCfg = Debug|Any CPU
		{E8E9B592-C164-4A37-BB74-81F8E9CCCAD4}.Debug|Any CPU.Build.0 = Debug|Any CPU
		{E8E9B592-C164-4A37-BB74-81F8E9CCCAD4}.Debug|ARM.ActiveCfg = Debug|Any CPU
		{E8E9B592-C164-4A37-BB74-81F8E9CCCAD4}.Debug|ARM.Build.0 = Debug|Any CPU
		{E8E9B592-C164-4A37-BB74-81F8E9CCCAD4}.Debug|iPhone.ActiveCfg = Debug|Any CPU
		{E8E9B592-C164-4A37-BB74-81F8E9CCCAD4}.Debug|iPhone.Build.0 = Debug|Any CPU
		{E8E9B592-C164-4A37-BB74-81F8E9CCCAD4}.Debug|iPhoneSimulator.ActiveCfg = Debug|Any CPU
		{E8E9B592-C164-4A37-BB74-81F8E9CCCAD4}.Debug|iPhoneSimulator.Build.0 = Debug|Any CPU
		{E8E9B592-C164-4A37-BB74-81F8E9CCCAD4}.Debug|x64.ActiveCfg = Debug|Any CPU
		{E8E9B592-C164-4A37-BB74-81F8E9CCCAD4}.Debug|x64.Build.0 = Debug|Any CPU
		{E8E9B592-C164-4A37-BB74-81F8E9CCCAD4}.Debug|x86.ActiveCfg = Debug|Any CPU
		{E8E9B592-C164-4A37-BB74-81F8E9CCCAD4}.Debug|x86.Build.0 = Debug|Any CPU
		{E8E9B592-C164-4A37-BB74-81F8E9CCCAD4}.Release|Any CPU.ActiveCfg = Release|Any CPU
		{E8E9B592-C164-4A37-BB74-81F8E9CCCAD4}.Release|Any CPU.Build.0 = Release|Any CPU
		{E8E9B592-C164-4A37-BB74-81F8E9CCCAD4}.Release|ARM.ActiveCfg = Release|Any CPU
		{E8E9B592-C164-4A37-BB74-81F8E9CCCAD4}.Release|ARM.Build.0 = Release|Any CPU
		{E8E9B592-C164-4A37-BB74-81F8E9CCCAD4}.Release|iPhone.ActiveCfg = Release|Any CPU
		{E8E9B592-C164-4A37-BB74-81F8E9CCCAD4}.Release|iPhone.Build.0 = Release|Any CPU
		{E8E9B592-C164-4A37-BB74-81F8E9CCCAD4}.Release|iPhoneSimulator.ActiveCfg = Release|Any CPU
		{E8E9B592-C164-4A37-BB74-81F8E9CCCAD4}.Release|iPhoneSimulator.Build.0 = Release|Any CPU
		{E8E9B592-C164-4A37-BB74-81F8E9CCCAD4}.Release|x64.ActiveCfg = Release|Any CPU
		{E8E9B592-C164-4A37-BB74-81F8E9CCCAD4}.Release|x64.Build.0 = Release|Any CPU
		{E8E9B592-C164-4A37-BB74-81F8E9CCCAD4}.Release|x86.ActiveCfg = Release|Any CPU
		{E8E9B592-C164-4A37-BB74-81F8E9CCCAD4}.Release|x86.Build.0 = Release|Any CPU
		{F73BA07E-5EC9-4F1D-A221-3C730F4BDF1A}.Ad-Hoc|Any CPU.ActiveCfg = Release|Any CPU
		{F73BA07E-5EC9-4F1D-A221-3C730F4BDF1A}.Ad-Hoc|Any CPU.Build.0 = Release|Any CPU
		{F73BA07E-5EC9-4F1D-A221-3C730F4BDF1A}.Ad-Hoc|ARM.ActiveCfg = Release|Any CPU
		{F73BA07E-5EC9-4F1D-A221-3C730F4BDF1A}.Ad-Hoc|ARM.Build.0 = Release|Any CPU
		{F73BA07E-5EC9-4F1D-A221-3C730F4BDF1A}.Ad-Hoc|iPhone.ActiveCfg = Release|Any CPU
		{F73BA07E-5EC9-4F1D-A221-3C730F4BDF1A}.Ad-Hoc|iPhone.Build.0 = Release|Any CPU
		{F73BA07E-5EC9-4F1D-A221-3C730F4BDF1A}.Ad-Hoc|iPhoneSimulator.ActiveCfg = Release|Any CPU
		{F73BA07E-5EC9-4F1D-A221-3C730F4BDF1A}.Ad-Hoc|iPhoneSimulator.Build.0 = Release|Any CPU
		{F73BA07E-5EC9-4F1D-A221-3C730F4BDF1A}.Ad-Hoc|x64.ActiveCfg = Release|Any CPU
		{F73BA07E-5EC9-4F1D-A221-3C730F4BDF1A}.Ad-Hoc|x64.Build.0 = Release|Any CPU
		{F73BA07E-5EC9-4F1D-A221-3C730F4BDF1A}.Ad-Hoc|x86.ActiveCfg = Release|Any CPU
		{F73BA07E-5EC9-4F1D-A221-3C730F4BDF1A}.Ad-Hoc|x86.Build.0 = Release|Any CPU
		{F73BA07E-5EC9-4F1D-A221-3C730F4BDF1A}.AppStore|Any CPU.ActiveCfg = Release|Any CPU
		{F73BA07E-5EC9-4F1D-A221-3C730F4BDF1A}.AppStore|Any CPU.Build.0 = Release|Any CPU
		{F73BA07E-5EC9-4F1D-A221-3C730F4BDF1A}.AppStore|ARM.ActiveCfg = Release|Any CPU
		{F73BA07E-5EC9-4F1D-A221-3C730F4BDF1A}.AppStore|ARM.Build.0 = Release|Any CPU
		{F73BA07E-5EC9-4F1D-A221-3C730F4BDF1A}.AppStore|iPhone.ActiveCfg = Release|Any CPU
		{F73BA07E-5EC9-4F1D-A221-3C730F4BDF1A}.AppStore|iPhone.Build.0 = Release|Any CPU
		{F73BA07E-5EC9-4F1D-A221-3C730F4BDF1A}.AppStore|iPhoneSimulator.ActiveCfg = Release|Any CPU
		{F73BA07E-5EC9-4F1D-A221-3C730F4BDF1A}.AppStore|iPhoneSimulator.Build.0 = Release|Any CPU
		{F73BA07E-5EC9-4F1D-A221-3C730F4BDF1A}.AppStore|x64.ActiveCfg = Release|Any CPU
		{F73BA07E-5EC9-4F1D-A221-3C730F4BDF1A}.AppStore|x64.Build.0 = Release|Any CPU
		{F73BA07E-5EC9-4F1D-A221-3C730F4BDF1A}.AppStore|x86.ActiveCfg = Release|Any CPU
		{F73BA07E-5EC9-4F1D-A221-3C730F4BDF1A}.AppStore|x86.Build.0 = Release|Any CPU
		{F73BA07E-5EC9-4F1D-A221-3C730F4BDF1A}.Debug|Any CPU.ActiveCfg = Debug|Any CPU
		{F73BA07E-5EC9-4F1D-A221-3C730F4BDF1A}.Debug|Any CPU.Build.0 = Debug|Any CPU
		{F73BA07E-5EC9-4F1D-A221-3C730F4BDF1A}.Debug|ARM.ActiveCfg = Debug|Any CPU
		{F73BA07E-5EC9-4F1D-A221-3C730F4BDF1A}.Debug|ARM.Build.0 = Debug|Any CPU
		{F73BA07E-5EC9-4F1D-A221-3C730F4BDF1A}.Debug|iPhone.ActiveCfg = Debug|Any CPU
		{F73BA07E-5EC9-4F1D-A221-3C730F4BDF1A}.Debug|iPhone.Build.0 = Debug|Any CPU
		{F73BA07E-5EC9-4F1D-A221-3C730F4BDF1A}.Debug|iPhoneSimulator.ActiveCfg = Debug|Any CPU
		{F73BA07E-5EC9-4F1D-A221-3C730F4BDF1A}.Debug|iPhoneSimulator.Build.0 = Debug|Any CPU
		{F73BA07E-5EC9-4F1D-A221-3C730F4BDF1A}.Debug|x64.ActiveCfg = Debug|Any CPU
		{F73BA07E-5EC9-4F1D-A221-3C730F4BDF1A}.Debug|x64.Build.0 = Debug|Any CPU
		{F73BA07E-5EC9-4F1D-A221-3C730F4BDF1A}.Debug|x86.ActiveCfg = Debug|Any CPU
		{F73BA07E-5EC9-4F1D-A221-3C730F4BDF1A}.Debug|x86.Build.0 = Debug|Any CPU
		{F73BA07E-5EC9-4F1D-A221-3C730F4BDF1A}.Release|Any CPU.ActiveCfg = Release|Any CPU
		{F73BA07E-5EC9-4F1D-A221-3C730F4BDF1A}.Release|Any CPU.Build.0 = Release|Any CPU
		{F73BA07E-5EC9-4F1D-A221-3C730F4BDF1A}.Release|ARM.ActiveCfg = Release|Any CPU
		{F73BA07E-5EC9-4F1D-A221-3C730F4BDF1A}.Release|ARM.Build.0 = Release|Any CPU
		{F73BA07E-5EC9-4F1D-A221-3C730F4BDF1A}.Release|iPhone.ActiveCfg = Release|Any CPU
		{F73BA07E-5EC9-4F1D-A221-3C730F4BDF1A}.Release|iPhone.Build.0 = Release|Any CPU
		{F73BA07E-5EC9-4F1D-A221-3C730F4BDF1A}.Release|iPhoneSimulator.ActiveCfg = Release|Any CPU
		{F73BA07E-5EC9-4F1D-A221-3C730F4BDF1A}.Release|iPhoneSimulator.Build.0 = Release|Any CPU
		{F73BA07E-5EC9-4F1D-A221-3C730F4BDF1A}.Release|x64.ActiveCfg = Release|Any CPU
		{F73BA07E-5EC9-4F1D-A221-3C730F4BDF1A}.Release|x64.Build.0 = Release|Any CPU
		{F73BA07E-5EC9-4F1D-A221-3C730F4BDF1A}.Release|x86.ActiveCfg = Release|Any CPU
		{F73BA07E-5EC9-4F1D-A221-3C730F4BDF1A}.Release|x86.Build.0 = Release|Any CPU
		{5D8CDAC9-0AAC-476C-B14C-222AC169933F}.Ad-Hoc|Any CPU.ActiveCfg = Release|Any CPU
		{5D8CDAC9-0AAC-476C-B14C-222AC169933F}.Ad-Hoc|Any CPU.Build.0 = Release|Any CPU
		{5D8CDAC9-0AAC-476C-B14C-222AC169933F}.Ad-Hoc|ARM.ActiveCfg = Release|Any CPU
		{5D8CDAC9-0AAC-476C-B14C-222AC169933F}.Ad-Hoc|ARM.Build.0 = Release|Any CPU
		{5D8CDAC9-0AAC-476C-B14C-222AC169933F}.Ad-Hoc|iPhone.ActiveCfg = Release|Any CPU
		{5D8CDAC9-0AAC-476C-B14C-222AC169933F}.Ad-Hoc|iPhone.Build.0 = Release|Any CPU
		{5D8CDAC9-0AAC-476C-B14C-222AC169933F}.Ad-Hoc|iPhoneSimulator.ActiveCfg = Release|Any CPU
		{5D8CDAC9-0AAC-476C-B14C-222AC169933F}.Ad-Hoc|iPhoneSimulator.Build.0 = Release|Any CPU
		{5D8CDAC9-0AAC-476C-B14C-222AC169933F}.Ad-Hoc|x64.ActiveCfg = Release|Any CPU
		{5D8CDAC9-0AAC-476C-B14C-222AC169933F}.Ad-Hoc|x64.Build.0 = Release|Any CPU
		{5D8CDAC9-0AAC-476C-B14C-222AC169933F}.Ad-Hoc|x86.ActiveCfg = Release|Any CPU
		{5D8CDAC9-0AAC-476C-B14C-222AC169933F}.Ad-Hoc|x86.Build.0 = Release|Any CPU
		{5D8CDAC9-0AAC-476C-B14C-222AC169933F}.AppStore|Any CPU.ActiveCfg = Release|Any CPU
		{5D8CDAC9-0AAC-476C-B14C-222AC169933F}.AppStore|Any CPU.Build.0 = Release|Any CPU
		{5D8CDAC9-0AAC-476C-B14C-222AC169933F}.AppStore|ARM.ActiveCfg = Release|Any CPU
		{5D8CDAC9-0AAC-476C-B14C-222AC169933F}.AppStore|ARM.Build.0 = Release|Any CPU
		{5D8CDAC9-0AAC-476C-B14C-222AC169933F}.AppStore|iPhone.ActiveCfg = Release|Any CPU
		{5D8CDAC9-0AAC-476C-B14C-222AC169933F}.AppStore|iPhone.Build.0 = Release|Any CPU
		{5D8CDAC9-0AAC-476C-B14C-222AC169933F}.AppStore|iPhoneSimulator.ActiveCfg = Release|Any CPU
		{5D8CDAC9-0AAC-476C-B14C-222AC169933F}.AppStore|iPhoneSimulator.Build.0 = Release|Any CPU
		{5D8CDAC9-0AAC-476C-B14C-222AC169933F}.AppStore|x64.ActiveCfg = Release|Any CPU
		{5D8CDAC9-0AAC-476C-B14C-222AC169933F}.AppStore|x64.Build.0 = Release|Any CPU
		{5D8CDAC9-0AAC-476C-B14C-222AC169933F}.AppStore|x86.ActiveCfg = Release|Any CPU
		{5D8CDAC9-0AAC-476C-B14C-222AC169933F}.AppStore|x86.Build.0 = Release|Any CPU
		{5D8CDAC9-0AAC-476C-B14C-222AC169933F}.Debug|Any CPU.ActiveCfg = Debug|Any CPU
		{5D8CDAC9-0AAC-476C-B14C-222AC169933F}.Debug|Any CPU.Build.0 = Debug|Any CPU
		{5D8CDAC9-0AAC-476C-B14C-222AC169933F}.Debug|ARM.ActiveCfg = Debug|Any CPU
		{5D8CDAC9-0AAC-476C-B14C-222AC169933F}.Debug|ARM.Build.0 = Debug|Any CPU
		{5D8CDAC9-0AAC-476C-B14C-222AC169933F}.Debug|iPhone.ActiveCfg = Debug|Any CPU
		{5D8CDAC9-0AAC-476C-B14C-222AC169933F}.Debug|iPhone.Build.0 = Debug|Any CPU
		{5D8CDAC9-0AAC-476C-B14C-222AC169933F}.Debug|iPhoneSimulator.ActiveCfg = Debug|Any CPU
		{5D8CDAC9-0AAC-476C-B14C-222AC169933F}.Debug|iPhoneSimulator.Build.0 = Debug|Any CPU
		{5D8CDAC9-0AAC-476C-B14C-222AC169933F}.Debug|x64.ActiveCfg = Debug|Any CPU
		{5D8CDAC9-0AAC-476C-B14C-222AC169933F}.Debug|x64.Build.0 = Debug|Any CPU
		{5D8CDAC9-0AAC-476C-B14C-222AC169933F}.Debug|x86.ActiveCfg = Debug|Any CPU
		{5D8CDAC9-0AAC-476C-B14C-222AC169933F}.Debug|x86.Build.0 = Debug|Any CPU
		{5D8CDAC9-0AAC-476C-B14C-222AC169933F}.Release|Any CPU.ActiveCfg = Release|Any CPU
		{5D8CDAC9-0AAC-476C-B14C-222AC169933F}.Release|Any CPU.Build.0 = Release|Any CPU
		{5D8CDAC9-0AAC-476C-B14C-222AC169933F}.Release|ARM.ActiveCfg = Release|Any CPU
		{5D8CDAC9-0AAC-476C-B14C-222AC169933F}.Release|ARM.Build.0 = Release|Any CPU
		{5D8CDAC9-0AAC-476C-B14C-222AC169933F}.Release|iPhone.ActiveCfg = Release|Any CPU
		{5D8CDAC9-0AAC-476C-B14C-222AC169933F}.Release|iPhone.Build.0 = Release|Any CPU
		{5D8CDAC9-0AAC-476C-B14C-222AC169933F}.Release|iPhoneSimulator.ActiveCfg = Release|Any CPU
		{5D8CDAC9-0AAC-476C-B14C-222AC169933F}.Release|iPhoneSimulator.Build.0 = Release|Any CPU
		{5D8CDAC9-0AAC-476C-B14C-222AC169933F}.Release|x64.ActiveCfg = Release|Any CPU
		{5D8CDAC9-0AAC-476C-B14C-222AC169933F}.Release|x64.Build.0 = Release|Any CPU
		{5D8CDAC9-0AAC-476C-B14C-222AC169933F}.Release|x86.ActiveCfg = Release|Any CPU
		{5D8CDAC9-0AAC-476C-B14C-222AC169933F}.Release|x86.Build.0 = Release|Any CPU
	EndGlobalSection
	GlobalSection(SolutionProperties) = preSolution
		HideSolutionNode = FALSE
	EndGlobalSection
	GlobalSection(ExtensibilityGlobals) = postSolution
		SolutionGuid = {2D561369-EA7B-4A87-82FA-2196531686F0}
	EndGlobalSection
EndGlobal
